{
  "name": "custom-packman",
  "version": "1.0.0",
  "lockfileVersion": 3,
  "requires": true,
  "packages": {
    "": {
      "name": "custom-packman",
      "version": "1.0.0",
      "hasInstallScript": true,
      "license": "MIT",
      "bin": {
        "packman": "bin/packman.js",
        "pm": "bin/pm.js"
      },
      "engines": {
        "node": ">=18.20.8 < 23.0.0"
      }
    }
  }
}
